
Microsoft Visual Studio Solution File, Format Version 12.00
# Visual Studio 15
VisualStudioVersion = 15.0.28307.1585
MinimumVisualStudioVersion = 10.0.40219.1
Project("{FAE04EC0-301F-11D3-BF4B-00C04F79EFBC}") = "WindowsFormsApp1", "WindowsFormsApp1\WindowsFormsApp1.csproj", "{A611FD40-7D3C-4122-AEE1-404102C9C68E}"
EndProject
Global
	GlobalSection(SolutionConfigurationPlatforms) = preSolution
		Debug|Any CPU = Debug|Any CPU
		Release|Any CPU = Release|Any CPU
	EndGlobalSection
	GlobalSection(ProjectConfigurationPlatforms) = postSolution
		{A611FD40-7D3C-4122-AEE1-404102C9C68E}.Debug|Any CPU.ActiveCfg = Debug|Any CPU
		{A611FD40-7D3C-4122-AEE1-404102C9C68E}.Debug|Any CPU.Build.0 = Debug|Any CPU
		{A611FD40-7D3C-4122-AEE1-404102C9C68E}.Release|Any CPU.ActiveCfg = Release|Any CPU
		{A611FD40-7D3C-4122-AEE1-404102C9C68E}.Release|Any CPU.Build.0 = Release|Any CPU
	EndGlobalSection
	GlobalSection(SolutionProperties) = preSolution
		HideSolutionNode = FALSE
	EndGlobalSection
	GlobalSection(ExtensibilityGlobals) = postSolution
		SolutionGuid = {D624D0E7-49B2-4389-8B64-8594E90EF33B}
	EndGlobalSection
EndGlobal
